<?xml version="1.0" encoding="utf-8"?>
<Project ToolsVersion="4.0" xmlns="http://schemas.microsoft.com/developer/msbuild/2003">
  <ItemGroup>
    <ClCompile Include="mudff_packlzma.cpp" />
    <ClCompile Include="7z\LzFind.c">
      <Filter>lzma</Filter>
    </ClCompile>
    <ClCompile Include="7z\LzmaEnc.c">
      <Filter>lzma</Filter>
    </ClCompile>
    <ClCompile Include="entropy\lzdatagen.c">
      <Filter>entropy</Filter>
    </ClCompile>
    <ClCompile Include="entropy\pcg_basic.c">
      <Filter>entropy</Filter>
    </ClCompile>
    <ClCompile Include="7z\LzmaDecodeSize.c">
      <Filter>lzma</Filter>
    </ClCompile>
  </ItemGroup>
  <ItemGroup>
    <ClInclude Include="types.hpp" />
    <ClInclude Include="7z\LzFind.h">
      <Filter>lzma</Filter>
    </ClInclude>
    <ClInclude Include="7z\LzHash.h">
      <Filter>lzma</Filter>
    </ClInclude>
    <ClInclude Include="7z\LzmaEnc.h">
      <Filter>lzma</Filter>
    </ClInclude>
    <ClInclude Include="entropy\lzdatagen.h">
      <Filter>entropy</Filter>
    </ClInclude>
    <ClInclude Include="entropy\pcg_basic.h">
      <Filter>entropy</Filter>
    </ClInclude>
  </ItemGroup>
  <ItemGroup>
    <Filter Include="lzma">
      <UniqueIdentifier>{3b06fe43-775c-4d4c-a334-45f6598b5050}</UniqueIdentifier>
    </Filter>
    <Filter Include="entropy">
      <UniqueIdentifier>{81d1cfee-3d44-4451-8d1b-af877d56e600}</UniqueIdentifier>
    </Filter>
  </ItemGroup>
</Project>